
Microsoft Visual Studio Solution File, Format Version 12.00
# Visual Studio Version 16
VisualStudioVersion = 16.0.31729.503
MinimumVisualStudioVersion = 10.0.40219.1
Project("{FAE04EC0-301F-11D3-BF4B-00C04F79EFBC}") = "SparkybitTestTask", "SparkybitTestTask\SparkybitTestTask.csproj", "{A72D841B-C9FE-4BC6-AD54-ECF77B3B46A9}"
EndProject
Global
	GlobalSection(SolutionConfigurationPlatforms) = preSolution
		Debug|Any CPU = Debug|Any CPU
		Release|Any CPU = Release|Any CPU
	EndGlobalSection
	GlobalSection(ProjectConfigurationPlatforms) = postSolution
		{A72D841B-C9FE-4BC6-AD54-ECF77B3B46A9}.Debug|Any CPU.ActiveCfg = Debug|Any CPU
		{A72D841B-C9FE-4BC6-AD54-ECF77B3B46A9}.Debug|Any CPU.Build.0 = Debug|Any CPU
		{A72D841B-C9FE-4BC6-AD54-ECF77B3B46A9}.Release|Any CPU.ActiveCfg = Release|Any CPU
		{A72D841B-C9FE-4BC6-AD54-ECF77B3B46A9}.Release|Any CPU.Build.0 = Release|Any CPU
	EndGlobalSection
	GlobalSection(SolutionProperties) = preSolution
		HideSolutionNode = FALSE
	EndGlobalSection
	GlobalSection(ExtensibilityGlobals) = postSolution
		SolutionGuid = {D6A319F3-3B6D-4147-A858-0542B1B67982}
	EndGlobalSection
EndGlobal
